
Microsoft Visual Studio Solution File, Format Version 12.00
# Visual Studio 15
VisualStudioVersion = 15.0.27130.2020
MinimumVisualStudioVersion = 10.0.40219.1
Project("{9A19103F-16F7-4668-BE54-9A1E7A4F7556}") = "Dialogue", "Dialogue.csproj", "{760EF586-1336-4123-9D8C-23829E896C11}"
EndProject
Project("{9A19103F-16F7-4668-BE54-9A1E7A4F7556}") = "Dialogue.Web", "Dialogue.Web\Dialogue.Web.csproj", "{1A501A19-3776-40BD-B802-DF696F802666}"
EndProject
Global
	GlobalSection(SolutionConfigurationPlatforms) = preSolution
		Debug|Any CPU = Debug|Any CPU
		Release|Any CPU = Release|Any CPU
	EndGlobalSection
	GlobalSection(ProjectConfigurationPlatforms) = postSolution
		{760EF586-1336-4123-9D8C-23829E896C11}.Debug|Any CPU.ActiveCfg = Debug|Any CPU
		{760EF586-1336-4123-9D8C-23829E896C11}.Debug|Any CPU.Build.0 = Debug|Any CPU
		{760EF586-1336-4123-9D8C-23829E896C11}.Release|Any CPU.ActiveCfg = Release|Any CPU
		{760EF586-1336-4123-9D8C-23829E896C11}.Release|Any CPU.Build.0 = Release|Any CPU
		{1A501A19-3776-40BD-B802-DF696F802666}.Debug|Any CPU.ActiveCfg = Debug|Any CPU
		{1A501A19-3776-40BD-B802-DF696F802666}.Debug|Any CPU.Build.0 = Debug|Any CPU
		{1A501A19-3776-40BD-B802-DF696F802666}.Release|Any CPU.ActiveCfg = Release|Any CPU
		{1A501A19-3776-40BD-B802-DF696F802666}.Release|Any CPU.Build.0 = Release|Any CPU
	EndGlobalSection
	GlobalSection(SolutionProperties) = preSolution
		HideSolutionNode = FALSE
	EndGlobalSection
	GlobalSection(ExtensibilityGlobals) = postSolution
		SolutionGuid = {CC4B99CF-9B3E-4FD9-9925-F2FE761197C9}
	EndGlobalSection
EndGlobal
